
Microsoft Visual Studio Solution File, Format Version 12.00
# Visual Studio Version 17
VisualStudioVersion = 17.9.34902.65
MinimumVisualStudioVersion = 10.0.40219.1
Project("{9A19103F-16F7-4668-BE54-9A1E7A4F7556}") = "Radar", "Radar.csproj", "{62B58205-1728-42AD-A131-D21B53424C39}"
EndProject
Global
	GlobalSection(SolutionConfigurationPlatforms) = preSolution
		Debug|Any CPU = Debug|Any CPU
		Release|Any CPU = Release|Any CPU
	EndGlobalSection
	GlobalSection(ProjectConfigurationPlatforms) = postSolution
		{62B58205-1728-42AD-A131-D21B53424C39}.Debug|Any CPU.ActiveCfg = Debug|Any CPU
		{62B58205-1728-42AD-A131-D21B53424C39}.Debug|Any CPU.Build.0 = Debug|Any CPU
		{62B58205-1728-42AD-A131-D21B53424C39}.Release|Any CPU.ActiveCfg = Release|Any CPU
		{62B58205-1728-42AD-A131-D21B53424C39}.Release|Any CPU.Build.0 = Release|Any CPU
	EndGlobalSection
	GlobalSection(SolutionProperties) = preSolution
		HideSolutionNode = FALSE
	EndGlobalSection
	GlobalSection(ExtensibilityGlobals) = postSolution
		SolutionGuid = {E3505638-78F8-4C37-8421-80276C672E85}
	EndGlobalSection
EndGlobal
